
Microsoft Visual Studio Solution File, Format Version 12.00
# Visual Studio Version 16
VisualStudioVersion = 16.0.29102.190
MinimumVisualStudioVersion = 10.0.40219.1
Project("{9A19103F-16F7-4668-BE54-9A1E7A4F7556}") = "MyWebRecruit.Data", "MyWebRecruit.Data\MyWebRecruit.Data.csproj", "{F0399E9C-DC4C-46C2-A671-8B579ABC786D}"
EndProject
Project("{00D1A9C2-B5F0-4AF3-8072-F6C62B433612}") = "MyWebRecruit.DataBase", "MyWebRecruit.DataBase\MyWebRecruit.DataBase.sqlproj", "{AB0DD2B0-D9B2-4F82-8D2F-E15064CE99CF}"
EndProject
Project("{9A19103F-16F7-4668-BE54-9A1E7A4F7556}") = "MyWebRecruit.Front", "MyWebRecruit.Front\MyWebRecruit.Front.csproj", "{21DE7C2D-6A70-4F6C-9635-87E60AB45161}"
EndProject
Project("{9A19103F-16F7-4668-BE54-9A1E7A4F7556}") = "MyWebRecruit.ViewModels", "MyWebRecruit.ViewModels\MyWebRecruit.ViewModels.csproj", "{561FEDBD-331B-47BC-B5FF-324C124658A9}"
EndProject
Project("{9A19103F-16F7-4668-BE54-9A1E7A4F7556}") = "MyWebRecruit.Services", "MyWebRecruit.Services\MyWebRecruit.Services.csproj", "{3D81229A-4B2E-433B-B9DE-4B61FCD26217}"
EndProject
Project("{9A19103F-16F7-4668-BE54-9A1E7A4F7556}") = "MyWebRecruit.Api", "MyWebRecruit.Api\MyWebRecruit.Api.csproj", "{92E9CD6B-200B-4E34-B7F1-3650F65D5A44}"
EndProject
Global
	GlobalSection(SolutionConfigurationPlatforms) = preSolution
		Debug|Any CPU = Debug|Any CPU
		Release|Any CPU = Release|Any CPU
	EndGlobalSection
	GlobalSection(ProjectConfigurationPlatforms) = postSolution
		{F0399E9C-DC4C-46C2-A671-8B579ABC786D}.Debug|Any CPU.ActiveCfg = Debug|Any CPU
		{F0399E9C-DC4C-46C2-A671-8B579ABC786D}.Debug|Any CPU.Build.0 = Debug|Any CPU
		{F0399E9C-DC4C-46C2-A671-8B579ABC786D}.Release|Any CPU.ActiveCfg = Release|Any CPU
		{F0399E9C-DC4C-46C2-A671-8B579ABC786D}.Release|Any CPU.Build.0 = Release|Any CPU
		{AB0DD2B0-D9B2-4F82-8D2F-E15064CE99CF}.Debug|Any CPU.ActiveCfg = Debug|Any CPU
		{AB0DD2B0-D9B2-4F82-8D2F-E15064CE99CF}.Debug|Any CPU.Build.0 = Debug|Any CPU
		{AB0DD2B0-D9B2-4F82-8D2F-E15064CE99CF}.Debug|Any CPU.Deploy.0 = Debug|Any CPU
		{AB0DD2B0-D9B2-4F82-8D2F-E15064CE99CF}.Release|Any CPU.ActiveCfg = Release|Any CPU
		{AB0DD2B0-D9B2-4F82-8D2F-E15064CE99CF}.Release|Any CPU.Build.0 = Release|Any CPU
		{AB0DD2B0-D9B2-4F82-8D2F-E15064CE99CF}.Release|Any CPU.Deploy.0 = Release|Any CPU
		{21DE7C2D-6A70-4F6C-9635-87E60AB45161}.Debug|Any CPU.ActiveCfg = Debug|Any CPU
		{21DE7C2D-6A70-4F6C-9635-87E60AB45161}.Debug|Any CPU.Build.0 = Debug|Any CPU
		{21DE7C2D-6A70-4F6C-9635-87E60AB45161}.Release|Any CPU.ActiveCfg = Release|Any CPU
		{21DE7C2D-6A70-4F6C-9635-87E60AB45161}.Release|Any CPU.Build.0 = Release|Any CPU
		{561FEDBD-331B-47BC-B5FF-324C124658A9}.Debug|Any CPU.ActiveCfg = Debug|Any CPU
		{561FEDBD-331B-47BC-B5FF-324C124658A9}.Debug|Any CPU.Build.0 = Debug|Any CPU
		{561FEDBD-331B-47BC-B5FF-324C124658A9}.Release|Any CPU.ActiveCfg = Release|Any CPU
		{561FEDBD-331B-47BC-B5FF-324C124658A9}.Release|Any CPU.Build.0 = Release|Any CPU
		{3D81229A-4B2E-433B-B9DE-4B61FCD26217}.Debug|Any CPU.ActiveCfg = Debug|Any CPU
		{3D81229A-4B2E-433B-B9DE-4B61FCD26217}.Debug|Any CPU.Build.0 = Debug|Any CPU
		{3D81229A-4B2E-433B-B9DE-4B61FCD26217}.Release|Any CPU.ActiveCfg = Release|Any CPU
		{3D81229A-4B2E-433B-B9DE-4B61FCD26217}.Release|Any CPU.Build.0 = Release|Any CPU
		{92E9CD6B-200B-4E34-B7F1-3650F65D5A44}.Debug|Any CPU.ActiveCfg = Debug|Any CPU
		{92E9CD6B-200B-4E34-B7F1-3650F65D5A44}.Debug|Any CPU.Build.0 = Debug|Any CPU
		{92E9CD6B-200B-4E34-B7F1-3650F65D5A44}.Release|Any CPU.ActiveCfg = Release|Any CPU
		{92E9CD6B-200B-4E34-B7F1-3650F65D5A44}.Release|Any CPU.Build.0 = Release|Any CPU
	EndGlobalSection
	GlobalSection(SolutionProperties) = preSolution
		HideSolutionNode = FALSE
	EndGlobalSection
	GlobalSection(ExtensibilityGlobals) = postSolution
		SolutionGuid = {73B19D94-1A91-40EC-805E-27C5CFC5C4E9}
	EndGlobalSection
EndGlobal
